
Microsoft Visual Studio Solution File, Format Version 12.00
# Visual Studio Version 17
VisualStudioVersion = 17.1.32328.378
MinimumVisualStudioVersion = 10.0.40219.1
Project("{FAE04EC0-301F-11D3-BF4B-00C04F79EFBC}") = "Falcon", "Falcon.csproj", "{3B21A5B6-F39C-4CA6-B1EC-70AF4EA3D1D1}"
EndProject
Global
	GlobalSection(SolutionConfigurationPlatforms) = preSolution
		Debug|Any CPU = Debug|Any CPU
		Release|Any CPU = Release|Any CPU
	EndGlobalSection
	GlobalSection(ProjectConfigurationPlatforms) = postSolution
		{3B21A5B6-F39C-4CA6-B1EC-70AF4EA3D1D1}.Debug|Any CPU.ActiveCfg = Debug|Any CPU
		{3B21A5B6-F39C-4CA6-B1EC-70AF4EA3D1D1}.Debug|Any CPU.Build.0 = Debug|Any CPU
		{3B21A5B6-F39C-4CA6-B1EC-70AF4EA3D1D1}.Release|Any CPU.ActiveCfg = Release|Any CPU
		{3B21A5B6-F39C-4CA6-B1EC-70AF4EA3D1D1}.Release|Any CPU.Build.0 = Release|Any CPU
	EndGlobalSection
	GlobalSection(SolutionProperties) = preSolution
		HideSolutionNode = FALSE
	EndGlobalSection
	GlobalSection(ExtensibilityGlobals) = postSolution
		SolutionGuid = {E2073972-8B7B-4786-A030-EAC4909E9AEB}
	EndGlobalSection
EndGlobal
